---
#Replaces Actor 157 EN_PUKUPUKU_PARENT (Sprite 247)


source_files: [../src/goldenBlock.cpp]
hooks:
  - name: COIN_HEAD_BLOCKBuild
    type: add_func_pointer
    src_addr_pal: 0x80B03D70
    target_func: 'daGoldBlock_c::build()'

  - name: COIN_HEAD_BLOCKSpriteFileInfo
    type: add_func_pointer
    src_addr_pal: 0x8031af28
    target_func: 'GoldBlocksArcFileList'
    # 0x8031AB4C + sprite num * 0x4 == offset


  - name: UpdateCOIN_HEAD_BLOCKSpriteInfo
    type: patch
    # 0x8030A340 + sprite num * 0x28 == offset
    addr_pal: 0x8030c9d8
    #      -ID- ----  -X Offs- -Y Offs-  -RectX1- -RectY1- -RectX2- -RectY2-  -1C- -1E- -20- -22-  Flag ----
    data: '009D 0000  00000000 00000000  00000000 00000000 00000100 00000100  0000 0000 0000 0000  0000 0000'